
Microsoft Visual Studio Solution File, Format Version 12.00
# Visual Studio Version 17
VisualStudioVersion = 17.14.36429.23
MinimumVisualStudioVersion = 10.0.40219.1
Project("{FAE04EC0-301F-11D3-BF4B-00C04F79EFBC}") = "DentalManagementSystem", "MVCGrid\DentalManagementSystem.csproj", "{88FD2238-1A73-4BBC-A550-41810CC8081A}"
EndProject
Project("{FAE04EC0-301F-11D3-BF4B-00C04F79EFBC}") = "DentalCareManagmentSystem.Domain", "DentalCareManagmentSystem.Domain\DentalCareManagmentSystem.Domain.csproj", "{66C33ECF-167F-8972-A7C5-BAD4993AE288}"
EndProject
Project("{FAE04EC0-301F-11D3-BF4B-00C04F79EFBC}") = "DentalCareManagmentSystem.Application", "DentalCareManagmentSystem.Application\DentalCareManagmentSystem.Application.csproj", "{1E623EFB-B61C-AB77-B385-280AF4358CD8}"
EndProject
Project("{FAE04EC0-301F-11D3-BF4B-00C04F79EFBC}") = "DentalCareManagmentSystem.Infrastructure", "DentalCareManagmentSystem.Infrastructure\DentalCareManagmentSystem.Infrastructure.csproj", "{55D9C14E-3C71-E800-5119-C67D92397911}"
EndProject
Global
	GlobalSection(SolutionConfigurationPlatforms) = preSolution
		Debug|Any CPU = Debug|Any CPU
		Release|Any CPU = Release|Any CPU
	EndGlobalSection
	GlobalSection(ProjectConfigurationPlatforms) = postSolution
		{88FD2238-1A73-4BBC-A550-41810CC8081A}.Debug|Any CPU.ActiveCfg = Debug|Any CPU
		{88FD2238-1A73-4BBC-A550-41810CC8081A}.Debug|Any CPU.Build.0 = Debug|Any CPU
		{88FD2238-1A73-4BBC-A550-41810CC8081A}.Release|Any CPU.ActiveCfg = Release|Any CPU
		{88FD2238-1A73-4BBC-A550-41810CC8081A}.Release|Any CPU.Build.0 = Release|Any CPU
		{66C33ECF-167F-8972-A7C5-BAD4993AE288}.Debug|Any CPU.ActiveCfg = Debug|Any CPU
		{66C33ECF-167F-8972-A7C5-BAD4993AE288}.Debug|Any CPU.Build.0 = Debug|Any CPU
		{66C33ECF-167F-8972-A7C5-BAD4993AE288}.Release|Any CPU.ActiveCfg = Release|Any CPU
		{66C33ECF-167F-8972-A7C5-BAD4993AE288}.Release|Any CPU.Build.0 = Release|Any CPU
		{1E623EFB-B61C-AB77-B385-280AF4358CD8}.Debug|Any CPU.ActiveCfg = Debug|Any CPU
		{1E623EFB-B61C-AB77-B385-280AF4358CD8}.Debug|Any CPU.Build.0 = Debug|Any CPU
		{1E623EFB-B61C-AB77-B385-280AF4358CD8}.Release|Any CPU.ActiveCfg = Release|Any CPU
		{1E623EFB-B61C-AB77-B385-280AF4358CD8}.Release|Any CPU.Build.0 = Release|Any CPU
		{55D9C14E-3C71-E800-5119-C67D92397911}.Debug|Any CPU.ActiveCfg = Debug|Any CPU
		{55D9C14E-3C71-E800-5119-C67D92397911}.Debug|Any CPU.Build.0 = Debug|Any CPU
		{55D9C14E-3C71-E800-5119-C67D92397911}.Release|Any CPU.ActiveCfg = Release|Any CPU
		{55D9C14E-3C71-E800-5119-C67D92397911}.Release|Any CPU.Build.0 = Release|Any CPU
	EndGlobalSection
	GlobalSection(SolutionProperties) = preSolution
		HideSolutionNode = FALSE
	EndGlobalSection
	GlobalSection(ExtensibilityGlobals) = postSolution
		SolutionGuid = {81FA4FA8-A8D9-4DB0-9064-1ABE12BC7ABB}
	EndGlobalSection
EndGlobal
